// !$*UTF8*$!
{
	archiveVersion = 1;
	classes = {
	};
	objectVersion = 50;
	objects = {

/* Begin PBXBuildFile section */
		3B3D19B6263CFA4000DB78BA /* UhlertApp.swift in Sources */ = {isa = PBXBuildFile; fileRef = 3B3D19B5263CFA4000DB78BA /* UhlertApp.swift */; };
		3B3D19B8263CFA4000DB78BA /* ContentView.swift in Sources */ = {isa = PBXBuildFile; fileRef = 3B3D19B7263CFA4000DB78BA /* ContentView.swift */; };
		3B3D19BA263CFA4000DB78BA /* Assets.xcassets in Resources */ = {isa = PBXBuildFile; fileRef = 3B3D19B9263CFA4000DB78BA /* Assets.xcassets */; };
		3B3D19BD263CFA4000DB78BA /* Preview Assets.xcassets in Resources */ = {isa = PBXBuildFile; fileRef = 3B3D19BC263CFA4000DB78BA /* Preview Assets.xcassets */; };
		3B3D19C8263CFA4000DB78BA /* UhlertTests.swift in Sources */ = {isa = PBXBuildFile; fileRef = 3B3D19C7263CFA4000DB78BA /* UhlertTests.swift */; };
		3B3D19D3263CFA4100DB78BA /* UhlertUITests.swift in Sources */ = {isa = PBXBuildFile; fileRef = 3B3D19D2263CFA4100DB78BA /* UhlertUITests.swift */; };
/* End PBXBuildFile section */

/* Begin PBXContainerItemProxy section */
		3B3D19C4263CFA4000DB78BA /* PBXContainerItemProxy */ = {
			isa = PBXContainerItemProxy;
			containerPortal = 3B3D19AA263CFA4000DB78BA /* Project object */;
			proxyType = 1;
			remoteGlobalIDString = 3B3D19B1263CFA4000DB78BA;
			remoteInfo = Uhlert;
		};
		3B3D19CF263CFA4100DB78BA /* PBXContainerItemProxy */ = {
			isa = PBXContainerItemProxy;
			containerPortal = 3B3D19AA263CFA4000DB78BA /* Project object */;
			proxyType = 1;
			remoteGlobalIDString = 3B3D19B1263CFA4000DB78BA;
			remoteInfo = Uhlert;
		};
/* End PBXContainerItemProxy section */

/* Begin PBXFileReference section */
		3B3D19B2263CFA4000DB78BA /* Uhlert.app */ = {isa = PBXFileReference; explicitFileType = wrapper.application; includeInIndex = 0; path = Uhlert.app; sourceTree = BUILT_PRODUCTS_DIR; };
		3B3D19B5263CFA4000DB78BA /* UhlertApp.swift */ = {isa = PBXFileReference; lastKnownFileType = sourcecode.swift; path = UhlertApp.swift; sourceTree = "<group>"; };
		3B3D19B7263CFA4000DB78BA /* ContentView.swift */ = {isa = PBXFileReference; lastKnownFileType = sourcecode.swift; path = ContentView.swift; sourceTree = "<group>"; };
		3B3D19B9263CFA4000DB78BA /* Assets.xcassets */ = {isa = PBXFileReference; lastKnownFileType = folder.assetcatalog; path = Assets.xcassets; sourceTree = "<group>"; };
		3B3D19BC263CFA4000DB78BA /* Preview Assets.xcassets */ = {isa = PBXFileReference; lastKnownFileType = folder.assetcatalog; path = "Preview Assets.xcassets"; sourceTree = "<group>"; };
		3B3D19BE263CFA4000DB78BA /* Info.plist */ = {isa = PBXFileReference; lastKnownFileType = text.plist.xml; path = Info.plist; sourceTree = "<group>"; };
		3B3D19C3263CFA4000DB78BA /* UhlertTests.xctest */ = {isa = PBXFileReference; explicitFileType = wrapper.cfbundle; includeInIndex = 0; path = UhlertTests.xctest; sourceTree = BUILT_PRODUCTS_DIR; };
		3B3D19C7263CFA4000DB78BA /* UhlertTests.swift */ = {isa = PBXFileReference; lastKnownFileType = sourcecode.swift; path = UhlertTests.swift; sourceTree = "<group>"; };
		3B3D19C9263CFA4000DB78BA /* Info.plist */ = {isa = PBXFileReference; lastKnownFileType = text.plist.xml; path = Info.plist; sourceTree = "<group>"; };
		3B3D19CE263CFA4100DB78BA /* UhlertUITests.xctest */ = {isa = PBXFileReference; explicitFileType = wrapper.cfbundle; includeInIndex = 0; path = UhlertUITests.xctest; sourceTree = BUILT_PRODUCTS_DIR; };
		3B3D19D2263CFA4100DB78BA /* UhlertUITests.swift */ = {isa = PBXFileReference; lastKnownFileType = sourcecode.swift; path = UhlertUITests.swift; sourceTree = "<group>"; };
		3B3D19D4263CFA4100DB78BA /* Info.plist */ = {isa = PBXFileReference; lastKnownFileType = text.plist.xml; path = Info.plist; sourceTree = "<group>"; };
/* End PBXFileReference section */

/* Begin PBXFrameworksBuildPhase section */
		3B3D19AF263CFA4000DB78BA /* Frameworks */ = {
			isa = PBXFrameworksBuildPhase;
			buildActionMask = 2147483647;
			files = (
			);
			runOnlyForDeploymentPostprocessing = 0;
		};
		3B3D19C0263CFA4000DB78BA /* Frameworks */ = {
			isa = PBXFrameworksBuildPhase;
			buildActionMask = 2147483647;
			files = (
			);
			runOnlyForDeploymentPostprocessing = 0;
		};
		3B3D19CB263CFA4100DB78BA /* Frameworks */ = {
			isa = PBXFrameworksBuildPhase;
			buildActionMask = 2147483647;
			files = (
			);
			runOnlyForDeploymentPostprocessing = 0;
		};
/* End PBXFrameworksBuildPhase section */

/* Begin PBXGroup section */
		3B3D19A9263CFA4000DB78BA = {
			isa = PBXGroup;
			children = (
				3B3D19B4263CFA4000DB78BA /* Uhlert */,
				3B3D19C6263CFA4000DB78BA /* UhlertTests */,
				3B3D19D1263CFA4100DB78BA /* UhlertUITests */,
				3B3D19B3263CFA4000DB78BA /* Products */,
			);
			sourceTree = "<group>";
		};
		3B3D19B3263CFA4000DB78BA /* Products */ = {
			isa = PBXGroup;
			children = (
				3B3D19B2263CFA4000DB78BA /* Uhlert.app */,
				3B3D19C3263CFA4000DB78BA /* UhlertTests.xctest */,
				3B3D19CE263CFA4100DB78BA /* UhlertUITests.xctest */,
			);
			name = Products;
			sourceTree = "<group>";
		};
		3B3D19B4263CFA4000DB78BA /* Uhlert */ = {
			isa = PBXGroup;
			children = (
				3B3D19B5263CFA4000DB78BA /* UhlertApp.swift */,
				3B3D19B7263CFA4000DB78BA /* ContentView.swift */,
				3B3D19B9263CFA4000DB78BA /* Assets.xcassets */,
				3B3D19BE263CFA4000DB78BA /* Info.plist */,
				3B3D19BB263CFA4000DB78BA /* Preview Content */,
			);
			path = Uhlert;
			sourceTree = "<group>";
		};
		3B3D19BB263CFA4000DB78BA /* Preview Content */ = {
			isa = PBXGroup;
			children = (
				3B3D19BC263CFA4000DB78BA /* Preview Assets.xcassets */,
			);
			path = "Preview Content";
			sourceTree = "<group>";
		};
		3B3D19C6263CFA4000DB78BA /* UhlertTests */ = {
			isa = PBXGroup;
			children = (
				3B3D19C7263CFA4000DB78BA /* UhlertTests.swift */,
				3B3D19C9263CFA4000DB78BA /* Info.plist */,
			);
			path = UhlertTests;
			sourceTree = "<group>";
		};
		3B3D19D1263CFA4100DB78BA /* UhlertUITests */ = {
			isa = PBXGroup;
			children = (
				3B3D19D2263CFA4100DB78BA /* UhlertUITests.swift */,
				3B3D19D4263CFA4100DB78BA /* Info.plist */,
			);
			path = UhlertUITests;
			sourceTree = "<group>";
		};
/* End PBXGroup section */

/* Begin PBXNativeTarget section */
		3B3D19B1263CFA4000DB78BA /* Uhlert */ = {
			isa = PBXNativeTarget;
			buildConfigurationList = 3B3D19D7263CFA4100DB78BA /* Build configuration list for PBXNativeTarget "Uhlert" */;
			buildPhases = (
				3B3D19AE263CFA4000DB78BA /* Sources */,
				3B3D19AF263CFA4000DB78BA /* Frameworks */,
				3B3D19B0263CFA4000DB78BA /* Resources */,
			);
			buildRules = (
			);
			dependencies = (
			);
			name = Uhlert;
			productName = Uhlert;
			productReference = 3B3D19B2263CFA4000DB78BA /* Uhlert.app */;
			productType = "com.apple.product-type.application";
		};
		3B3D19C2263CFA4000DB78BA /* UhlertTests */ = {
			isa = PBXNativeTarget;
			buildConfigurationList = 3B3D19DA263CFA4100DB78BA /* Build configuration list for PBXNativeTarget "UhlertTests" */;
			buildPhases = (
				3B3D19BF263CFA4000DB78BA /* Sources */,
				3B3D19C0263CFA4000DB78BA /* Frameworks */,
				3B3D19C1263CFA4000DB78BA /* Resources */,
			);
			buildRules = (
			);
			dependencies = (
				3B3D19C5263CFA4000DB78BA /* PBXTargetDependency */,
			);
			name = UhlertTests;
			productName = UhlertTests;
			productReference = 3B3D19C3263CFA4000DB78BA /* UhlertTests.xctest */;
			productType = "com.apple.product-type.bundle.unit-test";
		};
		3B3D19CD263CFA4100DB78BA /* UhlertUITests */ = {
			isa = PBXNativeTarget;
			buildConfigurationList = 3B3D19DD263CFA4100DB78BA /* Build configuration list for PBXNativeTarget "UhlertUITests" */;
			buildPhases = (
				3B3D19CA263CFA4100DB78BA /* Sources */,
				3B3D19CB263CFA4100DB78BA /* Frameworks */,
				3B3D19CC263CFA4100DB78BA /* Resources */,
			);
			buildRules = (
			);
			dependencies = (
				3B3D19D0263CFA4100DB78BA /* PBXTargetDependency */,
			);
			name = UhlertUITests;
			productName = UhlertUITests;
			productReference = 3B3D19CE263CFA4100DB78BA /* UhlertUITests.xctest */;
			productType = "com.apple.product-type.bundle.ui-testing";
		};
/* End PBXNativeTarget section */

/* Begin PBXProject section */
		3B3D19AA263CFA4000DB78BA /* Project object */ = {
			isa = PBXProject;
			attributes = {
				LastSwiftUpdateCheck = 1250;
				LastUpgradeCheck = 1250;
				TargetAttributes = {
					3B3D19B1263CFA4000DB78BA = {
						CreatedOnToolsVersion = 12.5;
					};
					3B3D19C2263CFA4000DB78BA = {
						CreatedOnToolsVersion = 12.5;
						TestTargetID = 3B3D19B1263CFA4000DB78BA;
					};
					3B3D19CD263CFA4100DB78BA = {
						CreatedOnToolsVersion = 12.5;
						TestTargetID = 3B3D19B1263CFA4000DB78BA;
					};
				};
			};
			buildConfigurationList = 3B3D19AD263CFA4000DB78BA /* Build configuration list for PBXProject "Uhlert" */;
			compatibilityVersion = "Xcode 9.3";
			developmentRegion = en;
			hasScannedForEncodings = 0;
			knownRegions = (
				en,
				Base,
			);
			mainGroup = 3B3D19A9263CFA4000DB78BA;
			productRefGroup = 3B3D19B3263CFA4000DB78BA /* Products */;
			projectDirPath = "";
			projectRoot = "";
			targets = (
				3B3D19B1263CFA4000DB78BA /* Uhlert */,
				3B3D19C2263CFA4000DB78BA /* UhlertTests */,
				3B3D19CD263CFA4100DB78BA /* UhlertUITests */,
			);
		};
/* End PBXProject section */

/* Begin PBXResourcesBuildPhase section */
		3B3D19B0263CFA4000DB78BA /* Resources */ = {
			isa = PBXResourcesBuildPhase;
			buildActionMask = 2147483647;
			files = (
				3B3D19BD263CFA4000DB78BA /* Preview Assets.xcassets in Resources */,
				3B3D19BA263CFA4000DB78BA /* Assets.xcassets in Resources */,
			);
			runOnlyForDeploymentPostprocessing = 0;
		};
		3B3D19C1263CFA4000DB78BA /* Resources */ = {
			isa = PBXResourcesBuildPhase;
			buildActionMask = 2147483647;
			files = (
			);
			runOnlyForDeploymentPostprocessing = 0;
		};
		3B3D19CC263CFA4100DB78BA /* Resources */ = {
			isa = PBXResourcesBuildPhase;
			buildActionMask = 2147483647;
			files = (
			);
			runOnlyForDeploymentPostprocessing = 0;
		};
/* End PBXResourcesBuildPhase section */

/* Begin PBXSourcesBuildPhase section */
		3B3D19AE263CFA4000DB78BA /* Sources */ = {
			isa = PBXSourcesBuildPhase;
			buildActionMask = 2147483647;
			files = (
				3B3D19B8263CFA4000DB78BA /* ContentView.swift in Sources */,
				3B3D19B6263CFA4000DB78BA /* UhlertApp.swift in Sources */,
			);
			runOnlyForDeploymentPostprocessing = 0;
		};
		3B3D19BF263CFA4000DB78BA /* Sources */ = {
			isa = PBXSourcesBuildPhase;
			buildActionMask = 2147483647;
			files = (
				3B3D19C8263CFA4000DB78BA /* UhlertTests.swift in Sources */,
			);
			runOnlyForDeploymentPostprocessing = 0;
		};
		3B3D19CA263CFA4100DB78BA /* Sources */ = {
			isa = PBXSourcesBuildPhase;
			buildActionMask = 2147483647;
			files = (
				3B3D19D3263CFA4100DB78BA /* UhlertUITests.swift in Sources */,
			);
			runOnlyForDeploymentPostprocessing = 0;
		};
/* End PBXSourcesBuildPhase section */

/* Begin PBXTargetDependency section */
		3B3D19C5263CFA4000DB78BA /* PBXTargetDependency */ = {
			isa = PBXTargetDependency;
			target = 3B3D19B1263CFA4000DB78BA /* Uhlert */;
			targetProxy = 3B3D19C4263CFA4000DB78BA /* PBXContainerItemProxy */;
		};
		3B3D19D0263CFA4100DB78BA /* PBXTargetDependency */ = {
			isa = PBXTargetDependency;
			target = 3B3D19B1263CFA4000DB78BA /* Uhlert */;
			targetProxy = 3B3D19CF263CFA4100DB78BA /* PBXContainerItemProxy */;
		};
/* End PBXTargetDependency section */

/* Begin XCBuildConfiguration section */
		3B3D19D5263CFA4100DB78BA /* Debug */ = {
			isa = XCBuildConfiguration;
			buildSettings = {
				ALWAYS_SEARCH_USER_PATHS = NO;
				CLANG_ANALYZER_NONNULL = YES;
				CLANG_ANALYZER_NUMBER_OBJECT_CONVERSION = YES_AGGRESSIVE;
				CLANG_CXX_LANGUAGE_STANDARD = "gnu++14";
				CLANG_CXX_LIBRARY = "libc++";
				CLANG_ENABLE_MODULES = YES;
				CLANG_ENABLE_OBJC_ARC = YES;
				CLANG_ENABLE_OBJC_WEAK = YES;
				CLANG_WARN_BLOCK_CAPTURE_AUTORELEASING = YES;
				CLANG_WARN_BOOL_CONVERSION = YES;
				CLANG_WARN_COMMA = YES;
				CLANG_WARN_CONSTANT_CONVERSION = YES;
				CLANG_WARN_DEPRECATED_OBJC_IMPLEMENTATIONS = YES;
				CLANG_WARN_DIRECT_OBJC_ISA_USAGE = YES_ERROR;
				CLANG_WARN_DOCUMENTATION_COMMENTS = YES;
				CLANG_WARN_EMPTY_BODY = YES;
				CLANG_WARN_ENUM_CONVERSION = YES;
				CLANG_WARN_INFINITE_RECURSION = YES;
				CLANG_WARN_INT_CONVERSION = YES;
				CLANG_WARN_NON_LITERAL_NULL_CONVERSION = YES;
				CLANG_WARN_OBJC_IMPLICIT_RETAIN_SELF = YES;
				CLANG_WARN_OBJC_LITERAL_CONVERSION = YES;
				CLANG_WARN_OBJC_ROOT_CLASS = YES_ERROR;
				CLANG_WARN_QUOTED_INCLUDE_IN_FRAMEWORK_HEADER = YES;
				CLANG_WARN_RANGE_LOOP_ANALYSIS = YES;
				CLANG_WARN_STRICT_PROTOTYPES = YES;
				CLANG_WARN_SUSPICIOUS_MOVE = YES;
				CLANG_WARN_UNGUARDED_AVAILABILITY = YES_AGGRESSIVE;
				CLANG_WARN_UNREACHABLE_CODE = YES;
				CLANG_WARN__DUPLICATE_METHOD_MATCH = YES;
				COPY_PHASE_STRIP = NO;
				DEBUG_INFORMATION_FORMAT = dwarf;
				ENABLE_STRICT_OBJC_MSGSEND = YES;
				ENABLE_TESTABILITY = YES;
				GCC_C_LANGUAGE_STANDARD = gnu11;
				GCC_DYNAMIC_NO_PIC = NO;
				GCC_NO_COMMON_BLOCKS = YES;
				GCC_OPTIMIZATION_LEVEL = 0;
				GCC_PREPROCESSOR_DEFINITIONS = (
					"DEBUG=1",
					"$(inherited)",
				);
				GCC_WARN_64_TO_32_BIT_CONVERSION = YES;
				GCC_WARN_ABOUT_RETURN_TYPE = YES_ERROR;
				GCC_WARN_UNDECLARED_SELECTOR = YES;
				GCC_WARN_UNINITIALIZED_AUTOS = YES_AGGRESSIVE;
				GCC_WARN_UNUSED_FUNCTION = YES;
				GCC_WARN_UNUSED_VARIABLE = YES;
				IPHONEOS_DEPLOYMENT_TARGET = 14.5;
				MTL_ENABLE_DEBUG_INFO = INCLUDE_SOURCE;
				MTL_FAST_MATH = YES;
				ONLY_ACTIVE_ARCH = YES;
				SDKROOT = iphoneos;
				SWIFT_ACTIVE_COMPILATION_CONDITIONS = DEBUG;
				SWIFT_OPTIMIZATION_LEVEL = "-Onone";
			};
			name = Debug;
		};
		3B3D19D6263CFA4100DB78BA /* Release */ = {
			isa = XCBuildConfiguration;
			buildSettings = {
				ALWAYS_SEARCH_USER_PATHS = NO;
				CLANG_ANALYZER_NONNULL = YES;
				CLANG_ANALYZER_NUMBER_OBJECT_CONVERSION = YES_AGGRESSIVE;
				CLANG_CXX_LANGUAGE_STANDARD = "gnu++14";
				CLANG_CXX_LIBRARY = "libc++";
				CLANG_ENABLE_MODULES = YES;
				CLANG_ENABLE_OBJC_ARC = YES;
				CLANG_ENABLE_OBJC_WEAK = YES;
				CLANG_WARN_BLOCK_CAPTURE_AUTORELEASING = YES;
				CLANG_WARN_BOOL_CONVERSION = YES;
				CLANG_WARN_COMMA = YES;
				CLANG_WARN_CONSTANT_CONVERSION = YES;
				CLANG_WARN_DEPRECATED_OBJC_IMPLEMENTATIONS = YES;
				CLANG_WARN_DIRECT_OBJC_ISA_USAGE = YES_ERROR;
				CLANG_WARN_DOCUMENTATION_COMMENTS = YES;
				CLANG_WARN_EMPTY_BODY = YES;
				CLANG_WARN_ENUM_CONVERSION = YES;
				CLANG_WARN_INFINITE_RECURSION = YES;
				CLANG_WARN_INT_CONVERSION = YES;
				CLANG_WARN_NON_LITERAL_NULL_CONVERSION = YES;
				CLANG_WARN_OBJC_IMPLICIT_RETAIN_SELF = YES;
				CLANG_WARN_OBJC_LITERAL_CONVERSION = YES;
				CLANG_WARN_OBJC_ROOT_CLASS = YES_ERROR;
				CLANG_WARN_QUOTED_INCLUDE_IN_FRAMEWORK_HEADER = YES;
				CLANG_WARN_RANGE_LOOP_ANALYSIS = YES;
				CLANG_WARN_STRICT_PROTOTYPES = YES;
				CLANG_WARN_SUSPICIOUS_MOVE = YES;
				CLANG_WARN_UNGUARDED_AVAILABILITY = YES_AGGRESSIVE;
				CLANG_WARN_UNREACHABLE_CODE = YES;
				CLANG_WARN__DUPLICATE_METHOD_MATCH = YES;
				COPY_PHASE_STRIP = NO;
				DEBUG_INFORMATION_FORMAT = "dwarf-with-dsym";
				ENABLE_NS_ASSERTIONS = NO;
				ENABLE_STRICT_OBJC_MSGSEND = YES;
				GCC_C_LANGUAGE_STANDARD = gnu11;
				GCC_NO_COMMON_BLOCKS = YES;
				GCC_WARN_64_TO_32_BIT_CONVERSION = YES;
				GCC_WARN_ABOUT_RETURN_TYPE = YES_ERROR;
				GCC_WARN_UNDECLARED_SELECTOR = YES;
				GCC_WARN_UNINITIALIZED_AUTOS = YES_AGGRESSIVE;
				GCC_WARN_UNUSED_FUNCTION = YES;
				GCC_WARN_UNUSED_VARIABLE = YES;
				IPHONEOS_DEPLOYMENT_TARGET = 14.5;
				MTL_ENABLE_DEBUG_INFO = NO;
				MTL_FAST_MATH = YES;
				SDKROOT = iphoneos;
				SWIFT_COMPILATION_MODE = wholemodule;
				SWIFT_OPTIMIZATION_LEVEL = "-O";
				VALIDATE_PRODUCT = YES;
			};
			name = Release;
		};
		3B3D19D8263CFA4100DB78BA /* Debug */ = {
			isa = XCBuildConfiguration;
			buildSettings = {
				ASSETCATALOG_COMPILER_APPICON_NAME = AppIcon;
				ASSETCATALOG_COMPILER_GLOBAL_ACCENT_COLOR_NAME = AccentColor;
				CODE_SIGN_STYLE = Automatic;
				DEVELOPMENT_ASSET_PATHS = "\"Uhlert/Preview Content\"";
				ENABLE_PREVIEWS = YES;
				INFOPLIST_FILE = Uhlert/Info.plist;
				IPHONEOS_DEPLOYMENT_TARGET = 14.0;
				LD_RUNPATH_SEARCH_PATHS = (
					"$(inherited)",
					"@executable_path/Frameworks",
				);
				PRODUCT_BUNDLE_IDENTIFIER = Kenneth.Uhlert;
				PRODUCT_NAME = "$(TARGET_NAME)";
				SWIFT_VERSION = 5.0;
				TARGETED_DEVICE_FAMILY = "1,2";
			};
			name = Debug;
		};
		3B3D19D9263CFA4100DB78BA /* Release */ = {
			isa = XCBuildConfiguration;
			buildSettings = {
				ASSETCATALOG_COMPILER_APPICON_NAME = AppIcon;
				ASSETCATALOG_COMPILER_GLOBAL_ACCENT_COLOR_NAME = AccentColor;
				CODE_SIGN_STYLE = Automatic;
				DEVELOPMENT_ASSET_PATHS = "\"Uhlert/Preview Content\"";
				ENABLE_PREVIEWS = YES;
				INFOPLIST_FILE = Uhlert/Info.plist;
				IPHONEOS_DEPLOYMENT_TARGET = 14.0;
				LD_RUNPATH_SEARCH_PATHS = (
					"$(inherited)",
					"@executable_path/Frameworks",
				);
				PRODUCT_BUNDLE_IDENTIFIER = Kenneth.Uhlert;
				PRODUCT_NAME = "$(TARGET_NAME)";
				SWIFT_VERSION = 5.0;
				TARGETED_DEVICE_FAMILY = "1,2";
			};
			name = Release;
		};
		3B3D19DB263CFA4100DB78BA /* Debug */ = {
			isa = XCBuildConfiguration;
			buildSettings = {
				ALWAYS_EMBED_SWIFT_STANDARD_LIBRARIES = YES;
				BUNDLE_LOADER = "$(TEST_HOST)";
				CODE_SIGN_STYLE = Automatic;
				INFOPLIST_FILE = UhlertTests/Info.plist;
				IPHONEOS_DEPLOYMENT_TARGET = 14.0;
				LD_RUNPATH_SEARCH_PATHS = (
					"$(inherited)",
					"@executable_path/Frameworks",
					"@loader_path/Frameworks",
				);
				PRODUCT_BUNDLE_IDENTIFIER = Kenneth.UhlertTests;
				PRODUCT_NAME = "$(TARGET_NAME)";
				SWIFT_VERSION = 5.0;
				TARGETED_DEVICE_FAMILY = "1,2";
				TEST_HOST = "$(BUILT_PRODUCTS_DIR)/Uhlert.app/Uhlert";
			};
			name = Debug;
		};
		3B3D19DC263CFA4100DB78BA /* Release */ = {
			isa = XCBuildConfiguration;
			buildSettings = {
				ALWAYS_EMBED_SWIFT_STANDARD_LIBRARIES = YES;
				BUNDLE_LOADER = "$(TEST_HOST)";
				CODE_SIGN_STYLE = Automatic;
				INFOPLIST_FILE = UhlertTests/Info.plist;
				IPHONEOS_DEPLOYMENT_TARGET = 14.0;
				LD_RUNPATH_SEARCH_PATHS = (
					"$(inherited)",
					"@executable_path/Frameworks",
					"@loader_path/Frameworks",
				);
				PRODUCT_BUNDLE_IDENTIFIER = Kenneth.UhlertTests;
				PRODUCT_NAME = "$(TARGET_NAME)";
				SWIFT_VERSION = 5.0;
				TARGETED_DEVICE_FAMILY = "1,2";
				TEST_HOST = "$(BUILT_PRODUCTS_DIR)/Uhlert.app/Uhlert";
			};
			name = Release;
		};
		3B3D19DE263CFA4100DB78BA /* Debug */ = {
			isa = XCBuildConfiguration;
			buildSettings = {
				ALWAYS_EMBED_SWIFT_STANDARD_LIBRARIES = YES;
				CODE_SIGN_STYLE = Automatic;
				INFOPLIST_FILE = UhlertUITests/Info.plist;
				LD_RUNPATH_SEARCH_PATHS = (
					"$(inherited)",
					"@executable_path/Frameworks",
					"@loader_path/Frameworks",
				);
				PRODUCT_BUNDLE_IDENTIFIER = Kenneth.UhlertUITests;
				PRODUCT_NAME = "$(TARGET_NAME)";
				SWIFT_VERSION = 5.0;
				TARGETED_DEVICE_FAMILY = "1,2";
				TEST_TARGET_NAME = Uhlert;
			};
			name = Debug;
		};
		3B3D19DF263CFA4100DB78BA /* Release */ = {
			isa = XCBuildConfiguration;
			buildSettings = {
				ALWAYS_EMBED_SWIFT_STANDARD_LIBRARIES = YES;
				CODE_SIGN_STYLE = Automatic;
				INFOPLIST_FILE = UhlertUITests/Info.plist;
				LD_RUNPATH_SEARCH_PATHS = (
					"$(inherited)",
					"@executable_path/Frameworks",
					"@loader_path/Frameworks",
				);
				PRODUCT_BUNDLE_IDENTIFIER = Kenneth.UhlertUITests;
				PRODUCT_NAME = "$(TARGET_NAME)";
				SWIFT_VERSION = 5.0;
				TARGETED_DEVICE_FAMILY = "1,2";
				TEST_TARGET_NAME = Uhlert;
			};
			name = Release;
		};
/* End XCBuildConfiguration section */

/* Begin XCConfigurationList section */
		3B3D19AD263CFA4000DB78BA /* Build configuration list for PBXProject "Uhlert" */ = {
			isa = XCConfigurationList;
			buildConfigurations = (
				3B3D19D5263CFA4100DB78BA /* Debug */,
				3B3D19D6263CFA4100DB78BA /* Release */,
			);
			defaultConfigurationIsVisible = 0;
			defaultConfigurationName = Release;
		};
		3B3D19D7263CFA4100DB78BA /* Build configuration list for PBXNativeTarget "Uhlert" */ = {
			isa = XCConfigurationList;
			buildConfigurations = (
				3B3D19D8263CFA4100DB78BA /* Debug */,
				3B3D19D9263CFA4100DB78BA /* Release */,
			);
			defaultConfigurationIsVisible = 0;
			defaultConfigurationName = Release;
		};
		3B3D19DA263CFA4100DB78BA /* Build configuration list for PBXNativeTarget "UhlertTests" */ = {
			isa = XCConfigurationList;
			buildConfigurations = (
				3B3D19DB263CFA4100DB78BA /* Debug */,
				3B3D19DC263CFA4100DB78BA /* Release */,
			);
			defaultConfigurationIsVisible = 0;
			defaultConfigurationName = Release;
		};
		3B3D19DD263CFA4100DB78BA /* Build configuration list for PBXNativeTarget "UhlertUITests" */ = {
			isa = XCConfigurationList;
			buildConfigurations = (
				3B3D19DE263CFA4100DB78BA /* Debug */,
				3B3D19DF263CFA4100DB78BA /* Release */,
			);
			defaultConfigurationIsVisible = 0;
			defaultConfigurationName = Release;
		};
/* End XCConfigurationList section */
	};
	rootObject = 3B3D19AA263CFA4000DB78BA /* Project object */;
}
